
Microsoft Visual Studio Solution File, Format Version 12.00
# Visual Studio Version 17
VisualStudioVersion = 17.10.35013.160
MinimumVisualStudioVersion = 10.0.40219.1
Project("{9A19103F-16F7-4668-BE54-9A1E7A4F7556}") = "SuperShop", "SuperShop\SuperShop.csproj", "{45ADB4F3-7D2B-4AD9-808E-F60FE68D7876}"
EndProject
Project("{FAE04EC0-301F-11D3-BF4B-00C04F79EFBC}") = "SuperShop.Prism", "SuperShop.Prism\SuperShop.Prism\SuperShop.Prism.csproj", "{F66C646F-62E8-466C-8C80-ED8EC35CE12E}"
EndProject
Project("{FAE04EC0-301F-11D3-BF4B-00C04F79EFBC}") = "SuperShop.Prism.Android", "SuperShop.Prism\SuperShop.Prism.Android\SuperShop.Prism.Android.csproj", "{9F8C3B6E-E1AF-4A0E-B200-814A415802E6}"
EndProject
Project("{FAE04EC0-301F-11D3-BF4B-00C04F79EFBC}") = "SuperShop.Prism.iOS", "SuperShop.Prism\SuperShop.Prism.iOS\SuperShop.Prism.iOS.csproj", "{26C446D8-D630-44C0-BA0B-A7CF0F95E66B}"
EndProject
Global
	GlobalSection(SolutionConfigurationPlatforms) = preSolution
		Ad-Hoc|Any CPU = Ad-Hoc|Any CPU
		Ad-Hoc|iPhone = Ad-Hoc|iPhone
		Ad-Hoc|iPhoneSimulator = Ad-Hoc|iPhoneSimulator
		AppStore|Any CPU = AppStore|Any CPU
		AppStore|iPhone = AppStore|iPhone
		AppStore|iPhoneSimulator = AppStore|iPhoneSimulator
		Debug|Any CPU = Debug|Any CPU
		Debug|iPhone = Debug|iPhone
		Debug|iPhoneSimulator = Debug|iPhoneSimulator
		Release|Any CPU = Release|Any CPU
		Release|iPhone = Release|iPhone
		Release|iPhoneSimulator = Release|iPhoneSimulator
	EndGlobalSection
	GlobalSection(ProjectConfigurationPlatforms) = postSolution
		{45ADB4F3-7D2B-4AD9-808E-F60FE68D7876}.Ad-Hoc|Any CPU.ActiveCfg = Release|Any CPU
		{45ADB4F3-7D2B-4AD9-808E-F60FE68D7876}.Ad-Hoc|Any CPU.Build.0 = Release|Any CPU
		{45ADB4F3-7D2B-4AD9-808E-F60FE68D7876}.Ad-Hoc|iPhone.ActiveCfg = Release|Any CPU
		{45ADB4F3-7D2B-4AD9-808E-F60FE68D7876}.Ad-Hoc|iPhone.Build.0 = Release|Any CPU
		{45ADB4F3-7D2B-4AD9-808E-F60FE68D7876}.Ad-Hoc|iPhoneSimulator.ActiveCfg = Release|Any CPU
		{45ADB4F3-7D2B-4AD9-808E-F60FE68D7876}.Ad-Hoc|iPhoneSimulator.Build.0 = Release|Any CPU
		{45ADB4F3-7D2B-4AD9-808E-F60FE68D7876}.AppStore|Any CPU.ActiveCfg = Release|Any CPU
		{45ADB4F3-7D2B-4AD9-808E-F60FE68D7876}.AppStore|Any CPU.Build.0 = Release|Any CPU
		{45ADB4F3-7D2B-4AD9-808E-F60FE68D7876}.AppStore|iPhone.ActiveCfg = Release|Any CPU
		{45ADB4F3-7D2B-4AD9-808E-F60FE68D7876}.AppStore|iPhone.Build.0 = Release|Any CPU
		{45ADB4F3-7D2B-4AD9-808E-F60FE68D7876}.AppStore|iPhoneSimulator.ActiveCfg = Release|Any CPU
		{45ADB4F3-7D2B-4AD9-808E-F60FE68D7876}.AppStore|iPhoneSimulator.Build.0 = Release|Any CPU
		{45ADB4F3-7D2B-4AD9-808E-F60FE68D7876}.Debug|Any CPU.ActiveCfg = Debug|Any CPU
		{45ADB4F3-7D2B-4AD9-808E-F60FE68D7876}.Debug|Any CPU.Build.0 = Debug|Any CPU
		{45ADB4F3-7D2B-4AD9-808E-F60FE68D7876}.Debug|iPhone.ActiveCfg = Debug|Any CPU
		{45ADB4F3-7D2B-4AD9-808E-F60FE68D7876}.Debug|iPhone.Build.0 = Debug|Any CPU
		{45ADB4F3-7D2B-4AD9-808E-F60FE68D7876}.Debug|iPhoneSimulator.ActiveCfg = Debug|Any CPU
		{45ADB4F3-7D2B-4AD9-808E-F60FE68D7876}.Debug|iPhoneSimulator.Build.0 = Debug|Any CPU
		{45ADB4F3-7D2B-4AD9-808E-F60FE68D7876}.Release|Any CPU.ActiveCfg = Release|Any CPU
		{45ADB4F3-7D2B-4AD9-808E-F60FE68D7876}.Release|Any CPU.Build.0 = Release|Any CPU
		{45ADB4F3-7D2B-4AD9-808E-F60FE68D7876}.Release|iPhone.ActiveCfg = Release|Any CPU
		{45ADB4F3-7D2B-4AD9-808E-F60FE68D7876}.Release|iPhone.Build.0 = Release|Any CPU
		{45ADB4F3-7D2B-4AD9-808E-F60FE68D7876}.Release|iPhoneSimulator.ActiveCfg = Release|Any CPU
		{45ADB4F3-7D2B-4AD9-808E-F60FE68D7876}.Release|iPhoneSimulator.Build.0 = Release|Any CPU
		{F66C646F-62E8-466C-8C80-ED8EC35CE12E}.Ad-Hoc|Any CPU.ActiveCfg = Debug|Any CPU
		{F66C646F-62E8-466C-8C80-ED8EC35CE12E}.Ad-Hoc|Any CPU.Build.0 = Debug|Any CPU
		{F66C646F-62E8-466C-8C80-ED8EC35CE12E}.Ad-Hoc|iPhone.ActiveCfg = Debug|Any CPU
		{F66C646F-62E8-466C-8C80-ED8EC35CE12E}.Ad-Hoc|iPhone.Build.0 = Debug|Any CPU
		{F66C646F-62E8-466C-8C80-ED8EC35CE12E}.Ad-Hoc|iPhoneSimulator.ActiveCfg = Debug|Any CPU
		{F66C646F-62E8-466C-8C80-ED8EC35CE12E}.Ad-Hoc|iPhoneSimulator.Build.0 = Debug|Any CPU
		{F66C646F-62E8-466C-8C80-ED8EC35CE12E}.AppStore|Any CPU.ActiveCfg = Debug|Any CPU
		{F66C646F-62E8-466C-8C80-ED8EC35CE12E}.AppStore|Any CPU.Build.0 = Debug|Any CPU
		{F66C646F-62E8-466C-8C80-ED8EC35CE12E}.AppStore|iPhone.ActiveCfg = Debug|Any CPU
		{F66C646F-62E8-466C-8C80-ED8EC35CE12E}.AppStore|iPhone.Build.0 = Debug|Any CPU
		{F66C646F-62E8-466C-8C80-ED8EC35CE12E}.AppStore|iPhoneSimulator.ActiveCfg = Debug|Any CPU
		{F66C646F-62E8-466C-8C80-ED8EC35CE12E}.AppStore|iPhoneSimulator.Build.0 = Debug|Any CPU
		{F66C646F-62E8-466C-8C80-ED8EC35CE12E}.Debug|Any CPU.ActiveCfg = Debug|Any CPU
		{F66C646F-62E8-466C-8C80-ED8EC35CE12E}.Debug|Any CPU.Build.0 = Debug|Any CPU
		{F66C646F-62E8-466C-8C80-ED8EC35CE12E}.Debug|iPhone.ActiveCfg = Debug|Any CPU
		{F66C646F-62E8-466C-8C80-ED8EC35CE12E}.Debug|iPhone.Build.0 = Debug|Any CPU
		{F66C646F-62E8-466C-8C80-ED8EC35CE12E}.Debug|iPhoneSimulator.ActiveCfg = Debug|Any CPU
		{F66C646F-62E8-466C-8C80-ED8EC35CE12E}.Debug|iPhoneSimulator.Build.0 = Debug|Any CPU
		{F66C646F-62E8-466C-8C80-ED8EC35CE12E}.Release|Any CPU.ActiveCfg = Release|Any CPU
		{F66C646F-62E8-466C-8C80-ED8EC35CE12E}.Release|Any CPU.Build.0 = Release|Any CPU
		{F66C646F-62E8-466C-8C80-ED8EC35CE12E}.Release|iPhone.ActiveCfg = Release|Any CPU
		{F66C646F-62E8-466C-8C80-ED8EC35CE12E}.Release|iPhone.Build.0 = Release|Any CPU
		{F66C646F-62E8-466C-8C80-ED8EC35CE12E}.Release|iPhoneSimulator.ActiveCfg = Release|Any CPU
		{F66C646F-62E8-466C-8C80-ED8EC35CE12E}.Release|iPhoneSimulator.Build.0 = Release|Any CPU
		{9F8C3B6E-E1AF-4A0E-B200-814A415802E6}.Ad-Hoc|Any CPU.ActiveCfg = Debug|Any CPU
		{9F8C3B6E-E1AF-4A0E-B200-814A415802E6}.Ad-Hoc|Any CPU.Build.0 = Debug|Any CPU
		{9F8C3B6E-E1AF-4A0E-B200-814A415802E6}.Ad-Hoc|Any CPU.Deploy.0 = Debug|Any CPU
		{9F8C3B6E-E1AF-4A0E-B200-814A415802E6}.Ad-Hoc|iPhone.ActiveCfg = Debug|Any CPU
		{9F8C3B6E-E1AF-4A0E-B200-814A415802E6}.Ad-Hoc|iPhone.Build.0 = Debug|Any CPU
		{9F8C3B6E-E1AF-4A0E-B200-814A415802E6}.Ad-Hoc|iPhone.Deploy.0 = Debug|Any CPU
		{9F8C3B6E-E1AF-4A0E-B200-814A415802E6}.Ad-Hoc|iPhoneSimulator.ActiveCfg = Debug|Any CPU
		{9F8C3B6E-E1AF-4A0E-B200-814A415802E6}.Ad-Hoc|iPhoneSimulator.Build.0 = Debug|Any CPU
		{9F8C3B6E-E1AF-4A0E-B200-814A415802E6}.Ad-Hoc|iPhoneSimulator.Deploy.0 = Debug|Any CPU
		{9F8C3B6E-E1AF-4A0E-B200-814A415802E6}.AppStore|Any CPU.ActiveCfg = Debug|Any CPU
		{9F8C3B6E-E1AF-4A0E-B200-814A415802E6}.AppStore|Any CPU.Build.0 = Debug|Any CPU
		{9F8C3B6E-E1AF-4A0E-B200-814A415802E6}.AppStore|Any CPU.Deploy.0 = Debug|Any CPU
		{9F8C3B6E-E1AF-4A0E-B200-814A415802E6}.AppStore|iPhone.ActiveCfg = Debug|Any CPU
		{9F8C3B6E-E1AF-4A0E-B200-814A415802E6}.AppStore|iPhone.Build.0 = Debug|Any CPU
		{9F8C3B6E-E1AF-4A0E-B200-814A415802E6}.AppStore|iPhone.Deploy.0 = Debug|Any CPU
		{9F8C3B6E-E1AF-4A0E-B200-814A415802E6}.AppStore|iPhoneSimulator.ActiveCfg = Debug|Any CPU
		{9F8C3B6E-E1AF-4A0E-B200-814A415802E6}.AppStore|iPhoneSimulator.Build.0 = Debug|Any CPU
		{9F8C3B6E-E1AF-4A0E-B200-814A415802E6}.AppStore|iPhoneSimulator.Deploy.0 = Debug|Any CPU
		{9F8C3B6E-E1AF-4A0E-B200-814A415802E6}.Debug|Any CPU.ActiveCfg = Debug|Any CPU
		{9F8C3B6E-E1AF-4A0E-B200-814A415802E6}.Debug|Any CPU.Build.0 = Debug|Any CPU
		{9F8C3B6E-E1AF-4A0E-B200-814A415802E6}.Debug|Any CPU.Deploy.0 = Debug|Any CPU
		{9F8C3B6E-E1AF-4A0E-B200-814A415802E6}.Debug|iPhone.ActiveCfg = Debug|Any CPU
		{9F8C3B6E-E1AF-4A0E-B200-814A415802E6}.Debug|iPhone.Build.0 = Debug|Any CPU
		{9F8C3B6E-E1AF-4A0E-B200-814A415802E6}.Debug|iPhone.Deploy.0 = Debug|Any CPU
		{9F8C3B6E-E1AF-4A0E-B200-814A415802E6}.Debug|iPhoneSimulator.ActiveCfg = Debug|Any CPU
		{9F8C3B6E-E1AF-4A0E-B200-814A415802E6}.Debug|iPhoneSimulator.Build.0 = Debug|Any CPU
		{9F8C3B6E-E1AF-4A0E-B200-814A415802E6}.Debug|iPhoneSimulator.Deploy.0 = Debug|Any CPU
		{9F8C3B6E-E1AF-4A0E-B200-814A415802E6}.Release|Any CPU.ActiveCfg = Release|Any CPU
		{9F8C3B6E-E1AF-4A0E-B200-814A415802E6}.Release|Any CPU.Build.0 = Release|Any CPU
		{9F8C3B6E-E1AF-4A0E-B200-814A415802E6}.Release|Any CPU.Deploy.0 = Release|Any CPU
		{9F8C3B6E-E1AF-4A0E-B200-814A415802E6}.Release|iPhone.ActiveCfg = Release|Any CPU
		{9F8C3B6E-E1AF-4A0E-B200-814A415802E6}.Release|iPhone.Build.0 = Release|Any CPU
		{9F8C3B6E-E1AF-4A0E-B200-814A415802E6}.Release|iPhone.Deploy.0 = Release|Any CPU
		{9F8C3B6E-E1AF-4A0E-B200-814A415802E6}.Release|iPhoneSimulator.ActiveCfg = Release|Any CPU
		{9F8C3B6E-E1AF-4A0E-B200-814A415802E6}.Release|iPhoneSimulator.Build.0 = Release|Any CPU
		{9F8C3B6E-E1AF-4A0E-B200-814A415802E6}.Release|iPhoneSimulator.Deploy.0 = Release|Any CPU
		{26C446D8-D630-44C0-BA0B-A7CF0F95E66B}.Ad-Hoc|Any CPU.ActiveCfg = Ad-Hoc|iPhoneSimulator
		{26C446D8-D630-44C0-BA0B-A7CF0F95E66B}.Ad-Hoc|Any CPU.Build.0 = Ad-Hoc|iPhoneSimulator
		{26C446D8-D630-44C0-BA0B-A7CF0F95E66B}.Ad-Hoc|iPhone.ActiveCfg = Ad-Hoc|iPhone
		{26C446D8-D630-44C0-BA0B-A7CF0F95E66B}.Ad-Hoc|iPhone.Build.0 = Ad-Hoc|iPhone
		{26C446D8-D630-44C0-BA0B-A7CF0F95E66B}.Ad-Hoc|iPhoneSimulator.ActiveCfg = Ad-Hoc|iPhoneSimulator
		{26C446D8-D630-44C0-BA0B-A7CF0F95E66B}.Ad-Hoc|iPhoneSimulator.Build.0 = Ad-Hoc|iPhoneSimulator
		{26C446D8-D630-44C0-BA0B-A7CF0F95E66B}.AppStore|Any CPU.ActiveCfg = AppStore|iPhoneSimulator
		{26C446D8-D630-44C0-BA0B-A7CF0F95E66B}.AppStore|Any CPU.Build.0 = AppStore|iPhoneSimulator
		{26C446D8-D630-44C0-BA0B-A7CF0F95E66B}.AppStore|iPhone.ActiveCfg = AppStore|iPhone
		{26C446D8-D630-44C0-BA0B-A7CF0F95E66B}.AppStore|iPhone.Build.0 = AppStore|iPhone
		{26C446D8-D630-44C0-BA0B-A7CF0F95E66B}.AppStore|iPhoneSimulator.ActiveCfg = AppStore|iPhoneSimulator
		{26C446D8-D630-44C0-BA0B-A7CF0F95E66B}.AppStore|iPhoneSimulator.Build.0 = AppStore|iPhoneSimulator
		{26C446D8-D630-44C0-BA0B-A7CF0F95E66B}.Debug|Any CPU.ActiveCfg = Debug|iPhoneSimulator
		{26C446D8-D630-44C0-BA0B-A7CF0F95E66B}.Debug|Any CPU.Build.0 = Debug|iPhoneSimulator
		{26C446D8-D630-44C0-BA0B-A7CF0F95E66B}.Debug|iPhone.ActiveCfg = Debug|iPhone
		{26C446D8-D630-44C0-BA0B-A7CF0F95E66B}.Debug|iPhone.Build.0 = Debug|iPhone
		{26C446D8-D630-44C0-BA0B-A7CF0F95E66B}.Debug|iPhoneSimulator.ActiveCfg = Debug|iPhoneSimulator
		{26C446D8-D630-44C0-BA0B-A7CF0F95E66B}.Debug|iPhoneSimulator.Build.0 = Debug|iPhoneSimulator
		{26C446D8-D630-44C0-BA0B-A7CF0F95E66B}.Release|Any CPU.ActiveCfg = Release|iPhoneSimulator
		{26C446D8-D630-44C0-BA0B-A7CF0F95E66B}.Release|Any CPU.Build.0 = Release|iPhoneSimulator
		{26C446D8-D630-44C0-BA0B-A7CF0F95E66B}.Release|iPhone.ActiveCfg = Release|iPhone
		{26C446D8-D630-44C0-BA0B-A7CF0F95E66B}.Release|iPhone.Build.0 = Release|iPhone
		{26C446D8-D630-44C0-BA0B-A7CF0F95E66B}.Release|iPhoneSimulator.ActiveCfg = Release|iPhoneSimulator
		{26C446D8-D630-44C0-BA0B-A7CF0F95E66B}.Release|iPhoneSimulator.Build.0 = Release|iPhoneSimulator
	EndGlobalSection
	GlobalSection(SolutionProperties) = preSolution
		HideSolutionNode = FALSE
	EndGlobalSection
	GlobalSection(ExtensibilityGlobals) = postSolution
		SolutionGuid = {546DBAF1-EEE9-4205-85CD-3D42CD19247F}
	EndGlobalSection
EndGlobal
